
Microsoft Visual Studio Solution File, Format Version 12.00
# Visual Studio Version 17
VisualStudioVersion = 17.3.32901.215
MinimumVisualStudioVersion = 10.0.40219.1
Project("{9A19103F-16F7-4668-BE54-9A1E7A4F7556}") = "ShapeLoader", "ShapeLoader\ShapeLoader.csproj", "{FDA5828B-ADEB-4525-9078-16BEC22112C8}"
EndProject
Project("{9A19103F-16F7-4668-BE54-9A1E7A4F7556}") = "ShapeLoaderTest", "ShapeLoaderTest\ShapeLoaderTest.csproj", "{2C8B2A4F-F6BE-4FF2-BF05-2D0949A8985D}"
EndProject
Project("{9A19103F-16F7-4668-BE54-9A1E7A4F7556}") = "ConsoleRunner", "ConsoleRunner\ConsoleRunner.csproj", "{D570E626-D201-4AB3-8435-5D9922B33422}"
EndProject
Global
	GlobalSection(SolutionConfigurationPlatforms) = preSolution
		Debug|Any CPU = Debug|Any CPU
		Release|Any CPU = Release|Any CPU
	EndGlobalSection
	GlobalSection(ProjectConfigurationPlatforms) = postSolution
		{FDA5828B-ADEB-4525-9078-16BEC22112C8}.Debug|Any CPU.ActiveCfg = Debug|Any CPU
		{FDA5828B-ADEB-4525-9078-16BEC22112C8}.Debug|Any CPU.Build.0 = Debug|Any CPU
		{FDA5828B-ADEB-4525-9078-16BEC22112C8}.Release|Any CPU.ActiveCfg = Release|Any CPU
		{FDA5828B-ADEB-4525-9078-16BEC22112C8}.Release|Any CPU.Build.0 = Release|Any CPU
		{2C8B2A4F-F6BE-4FF2-BF05-2D0949A8985D}.Debug|Any CPU.ActiveCfg = Debug|Any CPU
		{2C8B2A4F-F6BE-4FF2-BF05-2D0949A8985D}.Debug|Any CPU.Build.0 = Debug|Any CPU
		{2C8B2A4F-F6BE-4FF2-BF05-2D0949A8985D}.Release|Any CPU.ActiveCfg = Release|Any CPU
		{2C8B2A4F-F6BE-4FF2-BF05-2D0949A8985D}.Release|Any CPU.Build.0 = Release|Any CPU
		{D570E626-D201-4AB3-8435-5D9922B33422}.Debug|Any CPU.ActiveCfg = Debug|Any CPU
		{D570E626-D201-4AB3-8435-5D9922B33422}.Debug|Any CPU.Build.0 = Debug|Any CPU
		{D570E626-D201-4AB3-8435-5D9922B33422}.Release|Any CPU.ActiveCfg = Release|Any CPU
		{D570E626-D201-4AB3-8435-5D9922B33422}.Release|Any CPU.Build.0 = Release|Any CPU
	EndGlobalSection
	GlobalSection(SolutionProperties) = preSolution
		HideSolutionNode = FALSE
	EndGlobalSection
	GlobalSection(ExtensibilityGlobals) = postSolution
		SolutionGuid = {F9E4FD54-BA17-4EA6-BCDF-2034F0133E78}
	EndGlobalSection
EndGlobal
